// !$*UTF8*$!
{
	archiveVersion = 1;
	classes = {
	};
	objectVersion = 50;
	objects = {

/* Begin PBXBuildFile section */
		975D8EB323421A7400252027 /* WelcomeViewController.swift in Sources */ = {isa = PBXBuildFile; fileRef = 975D8EB223421A7400252027 /* WelcomeViewController.swift */; };
		E2B64DEB23420BA70077C220 /* AppDelegate.swift in Sources */ = {isa = PBXBuildFile; fileRef = E2B64DEA23420BA70077C220 /* AppDelegate.swift */; };
		E2B64DED23420BA70077C220 /* SceneDelegate.swift in Sources */ = {isa = PBXBuildFile; fileRef = E2B64DEC23420BA70077C220 /* SceneDelegate.swift */; };
		E2B64DF223420BA70077C220 /* Main.storyboard in Resources */ = {isa = PBXBuildFile; fileRef = E2B64DF023420BA70077C220 /* Main.storyboard */; };
		E2B64DF423420BA80077C220 /* Assets.xcassets in Resources */ = {isa = PBXBuildFile; fileRef = E2B64DF323420BA80077C220 /* Assets.xcassets */; };
		E2B64DF723420BA80077C220 /* LaunchScreen.storyboard in Resources */ = {isa = PBXBuildFile; fileRef = E2B64DF523420BA80077C220 /* LaunchScreen.storyboard */; };
		E2B64DFF2342277A0077C220 /* loginController.swift in Sources */ = {isa = PBXBuildFile; fileRef = E2B64DFE2342277A0077C220 /* loginController.swift */; };
		E2B64E012342279B0077C220 /* registerController.swift in Sources */ = {isa = PBXBuildFile; fileRef = E2B64E002342279B0077C220 /* registerController.swift */; };
/* End PBXBuildFile section */

/* Begin PBXFileReference section */
		975D8EB223421A7400252027 /* WelcomeViewController.swift */ = {isa = PBXFileReference; lastKnownFileType = sourcecode.swift; path = WelcomeViewController.swift; sourceTree = "<group>"; };
		E2B64DE723420BA70077C220 /* Pigly.app */ = {isa = PBXFileReference; explicitFileType = wrapper.application; includeInIndex = 0; path = Pigly.app; sourceTree = BUILT_PRODUCTS_DIR; };
		E2B64DEA23420BA70077C220 /* AppDelegate.swift */ = {isa = PBXFileReference; lastKnownFileType = sourcecode.swift; path = AppDelegate.swift; sourceTree = "<group>"; };
		E2B64DEC23420BA70077C220 /* SceneDelegate.swift */ = {isa = PBXFileReference; lastKnownFileType = sourcecode.swift; path = SceneDelegate.swift; sourceTree = "<group>"; };
		E2B64DF123420BA70077C220 /* Base */ = {isa = PBXFileReference; lastKnownFileType = file.storyboard; name = Base; path = Base.lproj/Main.storyboard; sourceTree = "<group>"; };
		E2B64DF323420BA80077C220 /* Assets.xcassets */ = {isa = PBXFileReference; lastKnownFileType = folder.assetcatalog; path = Assets.xcassets; sourceTree = "<group>"; };
		E2B64DF623420BA80077C220 /* Base */ = {isa = PBXFileReference; lastKnownFileType = file.storyboard; name = Base; path = Base.lproj/LaunchScreen.storyboard; sourceTree = "<group>"; };
		E2B64DF823420BA80077C220 /* Info.plist */ = {isa = PBXFileReference; lastKnownFileType = text.plist.xml; path = Info.plist; sourceTree = "<group>"; };
		E2B64DFE2342277A0077C220 /* loginController.swift */ = {isa = PBXFileReference; lastKnownFileType = sourcecode.swift; path = loginController.swift; sourceTree = "<group>"; };
		E2B64E002342279B0077C220 /* registerController.swift */ = {isa = PBXFileReference; lastKnownFileType = sourcecode.swift; path = registerController.swift; sourceTree = "<group>"; };
/* End PBXFileReference section */

/* Begin PBXFrameworksBuildPhase section */
		E2B64DE423420BA70077C220 /* Frameworks */ = {
			isa = PBXFrameworksBuildPhase;
			buildActionMask = 2147483647;
			files = (
			);
			runOnlyForDeploymentPostprocessing = 0;
		};
/* End PBXFrameworksBuildPhase section */

/* Begin PBXGroup section */
		E2B64DDE23420BA70077C220 = {
			isa = PBXGroup;
			children = (
				E2B64DE923420BA70077C220 /* Pigly */,
				E2B64DE823420BA70077C220 /* Products */,
			);
			sourceTree = "<group>";
		};
		E2B64DE823420BA70077C220 /* Products */ = {
			isa = PBXGroup;
			children = (
				E2B64DE723420BA70077C220 /* Pigly.app */,
			);
			name = Products;
			sourceTree = "<group>";
		};
		E2B64DE923420BA70077C220 /* Pigly */ = {
			isa = PBXGroup;
			children = (
				E2B64DEA23420BA70077C220 /* AppDelegate.swift */,
				E2B64DEC23420BA70077C220 /* SceneDelegate.swift */,
				E2B64DF023420BA70077C220 /* Main.storyboard */,
				E2B64DF323420BA80077C220 /* Assets.xcassets */,
				E2B64DF523420BA80077C220 /* LaunchScreen.storyboard */,
				E2B64DF823420BA80077C220 /* Info.plist */,
				975D8EB223421A7400252027 /* WelcomeViewController.swift */,
				E2B64DFE2342277A0077C220 /* loginController.swift */,
				E2B64E002342279B0077C220 /* registerController.swift */,
			);
			path = Pigly;
			sourceTree = "<group>";
		};
/* End PBXGroup section */

/* Begin PBXNativeTarget section */
		E2B64DE623420BA70077C220 /* Pigly */ = {
			isa = PBXNativeTarget;
			buildConfigurationList = E2B64DFB23420BA80077C220 /* Build configuration list for PBXNativeTarget "Pigly" */;
			buildPhases = (
				E2B64DE323420BA70077C220 /* Sources */,
				E2B64DE423420BA70077C220 /* Frameworks */,
				E2B64DE523420BA70077C220 /* Resources */,
			);
			buildRules = (
			);
			dependencies = (
			);
			name = Pigly;
			productName = Pigly;
			productReference = E2B64DE723420BA70077C220 /* Pigly.app */;
			productType = "com.apple.product-type.application";
		};
/* End PBXNativeTarget section */

/* Begin PBXProject section */
		E2B64DDF23420BA70077C220 /* Project object */ = {
			isa = PBXProject;
			attributes = {
				LastSwiftUpdateCheck = 1100;
				LastUpgradeCheck = 1100;
				ORGANIZATIONNAME = "Andreas Hansen";
				TargetAttributes = {
					E2B64DE623420BA70077C220 = {
						CreatedOnToolsVersion = 11.0;
					};
				};
			};
			buildConfigurationList = E2B64DE223420BA70077C220 /* Build configuration list for PBXProject "Pigly" */;
			compatibilityVersion = "Xcode 9.3";
			developmentRegion = en;
			hasScannedForEncodings = 0;
			knownRegions = (
				en,
				Base,
			);
			mainGroup = E2B64DDE23420BA70077C220;
			productRefGroup = E2B64DE823420BA70077C220 /* Products */;
			projectDirPath = "";
			projectRoot = "";
			targets = (
				E2B64DE623420BA70077C220 /* Pigly */,
			);
		};
/* End PBXProject section */

/* Begin PBXResourcesBuildPhase section */
		E2B64DE523420BA70077C220 /* Resources */ = {
			isa = PBXResourcesBuildPhase;
			buildActionMask = 2147483647;
			files = (
				E2B64DF723420BA80077C220 /* LaunchScreen.storyboard in Resources */,
				E2B64DF423420BA80077C220 /* Assets.xcassets in Resources */,
				E2B64DF223420BA70077C220 /* Main.storyboard in Resources */,
			);
			runOnlyForDeploymentPostprocessing = 0;
		};
/* End PBXResourcesBuildPhase section */

/* Begin PBXSourcesBuildPhase section */
		E2B64DE323420BA70077C220 /* Sources */ = {
			isa = PBXSourcesBuildPhase;
			buildActionMask = 2147483647;
			files = (
				975D8EB323421A7400252027 /* WelcomeViewController.swift in Sources */,
				E2B64DFF2342277A0077C220 /* loginController.swift in Sources */,
				E2B64DEB23420BA70077C220 /* AppDelegate.swift in Sources */,
				E2B64E012342279B0077C220 /* registerController.swift in Sources */,
				E2B64DED23420BA70077C220 /* SceneDelegate.swift in Sources */,
			);
			runOnlyForDeploymentPostprocessing = 0;
		};
/* End PBXSourcesBuildPhase section */

/* Begin PBXVariantGroup section */
		E2B64DF023420BA70077C220 /* Main.storyboard */ = {
			isa = PBXVariantGroup;
			children = (
				E2B64DF123420BA70077C220 /* Base */,
			);
			name = Main.storyboard;
			sourceTree = "<group>";
		};
		E2B64DF523420BA80077C220 /* LaunchScreen.storyboard */ = {
			isa = PBXVariantGroup;
			children = (
				E2B64DF623420BA80077C220 /* Base */,
			);
			name = LaunchScreen.storyboard;
			sourceTree = "<group>";
		};
/* End PBXVariantGroup section */

/* Begin XCBuildConfiguration section */
		E2B64DF923420BA80077C220 /* Debug */ = {
			isa = XCBuildConfiguration;
			buildSettings = {
				ALWAYS_SEARCH_USER_PATHS = NO;
				CLANG_ANALYZER_NONNULL = YES;
				CLANG_ANALYZER_NUMBER_OBJECT_CONVERSION = YES_AGGRESSIVE;
				CLANG_CXX_LANGUAGE_STANDARD = "gnu++14";
				CLANG_CXX_LIBRARY = "libc++";
				CLANG_ENABLE_MODULES = YES;
				CLANG_ENABLE_OBJC_ARC = YES;
				CLANG_ENABLE_OBJC_WEAK = YES;
				CLANG_WARN_BLOCK_CAPTURE_AUTORELEASING = YES;
				CLANG_WARN_BOOL_CONVERSION = YES;
				CLANG_WARN_COMMA = YES;
				CLANG_WARN_CONSTANT_CONVERSION = YES;
				CLANG_WARN_DEPRECATED_OBJC_IMPLEMENTATIONS = YES;
				CLANG_WARN_DIRECT_OBJC_ISA_USAGE = YES_ERROR;
				CLANG_WARN_DOCUMENTATION_COMMENTS = YES;
				CLANG_WARN_EMPTY_BODY = YES;
				CLANG_WARN_ENUM_CONVERSION = YES;
				CLANG_WARN_INFINITE_RECURSION = YES;
				CLANG_WARN_INT_CONVERSION = YES;
				CLANG_WARN_NON_LITERAL_NULL_CONVERSION = YES;
				CLANG_WARN_OBJC_IMPLICIT_RETAIN_SELF = YES;
				CLANG_WARN_OBJC_LITERAL_CONVERSION = YES;
				CLANG_WARN_OBJC_ROOT_CLASS = YES_ERROR;
				CLANG_WARN_RANGE_LOOP_ANALYSIS = YES;
				CLANG_WARN_STRICT_PROTOTYPES = YES;
				CLANG_WARN_SUSPICIOUS_MOVE = YES;
				CLANG_WARN_UNGUARDED_AVAILABILITY = YES_AGGRESSIVE;
				CLANG_WARN_UNREACHABLE_CODE = YES;
				CLANG_WARN__DUPLICATE_METHOD_MATCH = YES;
				COPY_PHASE_STRIP = NO;
				DEBUG_INFORMATION_FORMAT = dwarf;
				ENABLE_STRICT_OBJC_MSGSEND = YES;
				ENABLE_TESTABILITY = YES;
				GCC_C_LANGUAGE_STANDARD = gnu11;
				GCC_DYNAMIC_NO_PIC = NO;
				GCC_NO_COMMON_BLOCKS = YES;
				GCC_OPTIMIZATION_LEVEL = 0;
				GCC_PREPROCESSOR_DEFINITIONS = (
					"DEBUG=1",
					"$(inherited)",
				);
				GCC_WARN_64_TO_32_BIT_CONVERSION = YES;
				GCC_WARN_ABOUT_RETURN_TYPE = YES_ERROR;
				GCC_WARN_UNDECLARED_SELECTOR = YES;
				GCC_WARN_UNINITIALIZED_AUTOS = YES_AGGRESSIVE;
				GCC_WARN_UNUSED_FUNCTION = YES;
				GCC_WARN_UNUSED_VARIABLE = YES;
				IPHONEOS_DEPLOYMENT_TARGET = 13.0;
				MTL_ENABLE_DEBUG_INFO = INCLUDE_SOURCE;
				MTL_FAST_MATH = YES;
				ONLY_ACTIVE_ARCH = YES;
				SDKROOT = iphoneos;
				SWIFT_ACTIVE_COMPILATION_CONDITIONS = DEBUG;
				SWIFT_OPTIMIZATION_LEVEL = "-Onone";
			};
			name = Debug;
		};
		E2B64DFA23420BA80077C220 /* Release */ = {
			isa = XCBuildConfiguration;
			buildSettings = {
				ALWAYS_SEARCH_USER_PATHS = NO;
				CLANG_ANALYZER_NONNULL = YES;
				CLANG_ANALYZER_NUMBER_OBJECT_CONVERSION = YES_AGGRESSIVE;
				CLANG_CXX_LANGUAGE_STANDARD = "gnu++14";
				CLANG_CXX_LIBRARY = "libc++";
				CLANG_ENABLE_MODULES = YES;
				CLANG_ENABLE_OBJC_ARC = YES;
				CLANG_ENABLE_OBJC_WEAK = YES;
				CLANG_WARN_BLOCK_CAPTURE_AUTORELEASING = YES;
				CLANG_WARN_BOOL_CONVERSION = YES;
				CLANG_WARN_COMMA = YES;
				CLANG_WARN_CONSTANT_CONVERSION = YES;
				CLANG_WARN_DEPRECATED_OBJC_IMPLEMENTATIONS = YES;
				CLANG_WARN_DIRECT_OBJC_ISA_USAGE = YES_ERROR;
				CLANG_WARN_DOCUMENTATION_COMMENTS = YES;
				CLANG_WARN_EMPTY_BODY = YES;
				CLANG_WARN_ENUM_CONVERSION = YES;
				CLANG_WARN_INFINITE_RECURSION = YES;
				CLANG_WARN_INT_CONVERSION = YES;
				CLANG_WARN_NON_LITERAL_NULL_CONVERSION = YES;
				CLANG_WARN_OBJC_IMPLICIT_RETAIN_SELF = YES;
				CLANG_WARN_OBJC_LITERAL_CONVERSION = YES;
				CLANG_WARN_OBJC_ROOT_CLASS = YES_ERROR;
				CLANG_WARN_RANGE_LOOP_ANALYSIS = YES;
				CLANG_WARN_STRICT_PROTOTYPES = YES;
				CLANG_WARN_SUSPICIOUS_MOVE = YES;
				CLANG_WARN_UNGUARDED_AVAILABILITY = YES_AGGRESSIVE;
				CLANG_WARN_UNREACHABLE_CODE = YES;
				CLANG_WARN__DUPLICATE_METHOD_MATCH = YES;
				COPY_PHASE_STRIP = NO;
				DEBUG_INFORMATION_FORMAT = "dwarf-with-dsym";
				ENABLE_NS_ASSERTIONS = NO;
				ENABLE_STRICT_OBJC_MSGSEND = YES;
				GCC_C_LANGUAGE_STANDARD = gnu11;
				GCC_NO_COMMON_BLOCKS = YES;
				GCC_WARN_64_TO_32_BIT_CONVERSION = YES;
				GCC_WARN_ABOUT_RETURN_TYPE = YES_ERROR;
				GCC_WARN_UNDECLARED_SELECTOR = YES;
				GCC_WARN_UNINITIALIZED_AUTOS = YES_AGGRESSIVE;
				GCC_WARN_UNUSED_FUNCTION = YES;
				GCC_WARN_UNUSED_VARIABLE = YES;
				IPHONEOS_DEPLOYMENT_TARGET = 13.0;
				MTL_ENABLE_DEBUG_INFO = NO;
				MTL_FAST_MATH = YES;
				SDKROOT = iphoneos;
				SWIFT_COMPILATION_MODE = wholemodule;
				SWIFT_OPTIMIZATION_LEVEL = "-O";
				VALIDATE_PRODUCT = YES;
			};
			name = Release;
		};
		E2B64DFC23420BA80077C220 /* Debug */ = {
			isa = XCBuildConfiguration;
			buildSettings = {
				ASSETCATALOG_COMPILER_APPICON_NAME = AppIcon;
				CODE_SIGN_STYLE = Automatic;
				DEVELOPMENT_TEAM = 8NCYQA5U6Z;
				INFOPLIST_FILE = Pigly/Info.plist;
				LD_RUNPATH_SEARCH_PATHS = (
					"$(inherited)",
					"@executable_path/Frameworks",
				);
				PRODUCT_BUNDLE_IDENTIFIER = no.kristiania.Pigly;
				PRODUCT_NAME = "$(TARGET_NAME)";
				SWIFT_VERSION = 5.0;
				TARGETED_DEVICE_FAMILY = "1,2";
			};
			name = Debug;
		};
		E2B64DFD23420BA80077C220 /* Release */ = {
			isa = XCBuildConfiguration;
			buildSettings = {
				ASSETCATALOG_COMPILER_APPICON_NAME = AppIcon;
				CODE_SIGN_STYLE = Automatic;
				DEVELOPMENT_TEAM = 8NCYQA5U6Z;
				INFOPLIST_FILE = Pigly/Info.plist;
				LD_RUNPATH_SEARCH_PATHS = (
					"$(inherited)",
					"@executable_path/Frameworks",
				);
				PRODUCT_BUNDLE_IDENTIFIER = no.kristiania.Pigly;
				PRODUCT_NAME = "$(TARGET_NAME)";
				SWIFT_VERSION = 5.0;
				TARGETED_DEVICE_FAMILY = "1,2";
			};
			name = Release;
		};
/* End XCBuildConfiguration section */

/* Begin XCConfigurationList section */
		E2B64DE223420BA70077C220 /* Build configuration list for PBXProject "Pigly" */ = {
			isa = XCConfigurationList;
			buildConfigurations = (
				E2B64DF923420BA80077C220 /* Debug */,
				E2B64DFA23420BA80077C220 /* Release */,
			);
			defaultConfigurationIsVisible = 0;
			defaultConfigurationName = Release;
		};
		E2B64DFB23420BA80077C220 /* Build configuration list for PBXNativeTarget "Pigly" */ = {
			isa = XCConfigurationList;
			buildConfigurations = (
				E2B64DFC23420BA80077C220 /* Debug */,
				E2B64DFD23420BA80077C220 /* Release */,
			);
			defaultConfigurationIsVisible = 0;
			defaultConfigurationName = Release;
		};
/* End XCConfigurationList section */
	};
	rootObject = E2B64DDF23420BA70077C220 /* Project object */;
}
